
Microsoft Visual Studio Solution File, Format Version 12.00
# Visual Studio Version 17
VisualStudioVersion = 17.11.35303.130
MinimumVisualStudioVersion = 10.0.40219.1
Project("{FAE04EC0-301F-11D3-BF4B-00C04F79EFBC}") = "CalorieCounterAPI", "CalorieCounterAPI.csproj", "{0F6261EE-E399-407E-9238-19FB4E846776}"
EndProject
Global
	GlobalSection(SolutionConfigurationPlatforms) = preSolution
		Debug|Any CPU = Debug|Any CPU
		Release|Any CPU = Release|Any CPU
	EndGlobalSection
	GlobalSection(ProjectConfigurationPlatforms) = postSolution
		{0F6261EE-E399-407E-9238-19FB4E846776}.Debug|Any CPU.ActiveCfg = Debug|Any CPU
		{0F6261EE-E399-407E-9238-19FB4E846776}.Debug|Any CPU.Build.0 = Debug|Any CPU
		{0F6261EE-E399-407E-9238-19FB4E846776}.Release|Any CPU.ActiveCfg = Release|Any CPU
		{0F6261EE-E399-407E-9238-19FB4E846776}.Release|Any CPU.Build.0 = Release|Any CPU
	EndGlobalSection
	GlobalSection(SolutionProperties) = preSolution
		HideSolutionNode = FALSE
	EndGlobalSection
	GlobalSection(ExtensibilityGlobals) = postSolution
		SolutionGuid = {3A9136B1-BEB6-48E5-A37D-45BA491B8695}
	EndGlobalSection
EndGlobal
